// !$*UTF8*$!
{
	archiveVersion = 1;
	classes = {
	};
	objectVersion = 46;
	objects = {

/* Begin PBXBuildFile section */
		35EA7CCD1C479C290091ED2D /* main.m in Sources */ = {isa = PBXBuildFile; fileRef = 35EA7CCC1C479C290091ED2D /* main.m */; };
		35EA7CD01C479C290091ED2D /* AppDelegate.m in Sources */ = {isa = PBXBuildFile; fileRef = 35EA7CCF1C479C290091ED2D /* AppDelegate.m */; };
		35EA7CD31C479C290091ED2D /* ViewController.m in Sources */ = {isa = PBXBuildFile; fileRef = 35EA7CD21C479C290091ED2D /* ViewController.m */; };
		35EA7CD61C479C290091ED2D /* Main.storyboard in Resources */ = {isa = PBXBuildFile; fileRef = 35EA7CD41C479C290091ED2D /* Main.storyboard */; };
		35EA7CD81C479C290091ED2D /* Assets.xcassets in Resources */ = {isa = PBXBuildFile; fileRef = 35EA7CD71C479C290091ED2D /* Assets.xcassets */; };
		35EA7CDB1C479C290091ED2D /* LaunchScreen.storyboard in Resources */ = {isa = PBXBuildFile; fileRef = 35EA7CD91C479C290091ED2D /* LaunchScreen.storyboard */; };
		35EA7CE61C479C290091ED2D /* testSegueTests.m in Sources */ = {isa = PBXBuildFile; fileRef = 35EA7CE51C479C290091ED2D /* testSegueTests.m */; };
		35EA7CF11C479C290091ED2D /* testSegueUITests.m in Sources */ = {isa = PBXBuildFile; fileRef = 35EA7CF01C479C290091ED2D /* testSegueUITests.m */; };
		35EA7D001C479CEA0091ED2D /* VA.m in Sources */ = {isa = PBXBuildFile; fileRef = 35EA7CFF1C479CEA0091ED2D /* VA.m */; };
		35EA7D031C479CF40091ED2D /* VB.m in Sources */ = {isa = PBXBuildFile; fileRef = 35EA7D021C479CF40091ED2D /* VB.m */; };
/* End PBXBuildFile section */

/* Begin PBXContainerItemProxy section */
		35EA7CE21C479C290091ED2D /* PBXContainerItemProxy */ = {
			isa = PBXContainerItemProxy;
			containerPortal = 35EA7CC01C479C280091ED2D /* Project object */;
			proxyType = 1;
			remoteGlobalIDString = 35EA7CC71C479C280091ED2D;
			remoteInfo = testSegue;
		};
		35EA7CED1C479C290091ED2D /* PBXContainerItemProxy */ = {
			isa = PBXContainerItemProxy;
			containerPortal = 35EA7CC01C479C280091ED2D /* Project object */;
			proxyType = 1;
			remoteGlobalIDString = 35EA7CC71C479C280091ED2D;
			remoteInfo = testSegue;
		};
/* End PBXContainerItemProxy section */

/* Begin PBXFileReference section */
		35EA7CC81C479C280091ED2D /* testSegue.app */ = {isa = PBXFileReference; explicitFileType = wrapper.application; includeInIndex = 0; path = testSegue.app; sourceTree = BUILT_PRODUCTS_DIR; };
		35EA7CCC1C479C290091ED2D /* main.m */ = {isa = PBXFileReference; lastKnownFileType = sourcecode.c.objc; path = main.m; sourceTree = "<group>"; };
		35EA7CCE1C479C290091ED2D /* AppDelegate.h */ = {isa = PBXFileReference; lastKnownFileType = sourcecode.c.h; path = AppDelegate.h; sourceTree = "<group>"; };
		35EA7CCF1C479C290091ED2D /* AppDelegate.m */ = {isa = PBXFileReference; lastKnownFileType = sourcecode.c.objc; path = AppDelegate.m; sourceTree = "<group>"; };
		35EA7CD11C479C290091ED2D /* ViewController.h */ = {isa = PBXFileReference; lastKnownFileType = sourcecode.c.h; path = ViewController.h; sourceTree = "<group>"; };
		35EA7CD21C479C290091ED2D /* ViewController.m */ = {isa = PBXFileReference; lastKnownFileType = sourcecode.c.objc; path = ViewController.m; sourceTree = "<group>"; };
		35EA7CD51C479C290091ED2D /* Base */ = {isa = PBXFileReference; lastKnownFileType = file.storyboard; name = Base; path = Base.lproj/Main.storyboard; sourceTree = "<group>"; };
		35EA7CD71C479C290091ED2D /* Assets.xcassets */ = {isa = PBXFileReference; lastKnownFileType = folder.assetcatalog; path = Assets.xcassets; sourceTree = "<group>"; };
		35EA7CDA1C479C290091ED2D /* Base */ = {isa = PBXFileReference; lastKnownFileType = file.storyboard; name = Base; path = Base.lproj/LaunchScreen.storyboard; sourceTree = "<group>"; };
		35EA7CDC1C479C290091ED2D /* Info.plist */ = {isa = PBXFileReference; lastKnownFileType = text.plist.xml; path = Info.plist; sourceTree = "<group>"; };
		35EA7CE11C479C290091ED2D /* testSegueTests.xctest */ = {isa = PBXFileReference; explicitFileType = wrapper.cfbundle; includeInIndex = 0; path = testSegueTests.xctest; sourceTree = BUILT_PRODUCTS_DIR; };
		35EA7CE51C479C290091ED2D /* testSegueTests.m */ = {isa = PBXFileReference; lastKnownFileType = sourcecode.c.objc; path = testSegueTests.m; sourceTree = "<group>"; };
		35EA7CE71C479C290091ED2D /* Info.plist */ = {isa = PBXFileReference; lastKnownFileType = text.plist.xml; path = Info.plist; sourceTree = "<group>"; };
		35EA7CEC1C479C290091ED2D /* testSegueUITests.xctest */ = {isa = PBXFileReference; explicitFileType = wrapper.cfbundle; includeInIndex = 0; path = testSegueUITests.xctest; sourceTree = BUILT_PRODUCTS_DIR; };
		35EA7CF01C479C290091ED2D /* testSegueUITests.m */ = {isa = PBXFileReference; lastKnownFileType = sourcecode.c.objc; path = testSegueUITests.m; sourceTree = "<group>"; };
		35EA7CF21C479C290091ED2D /* Info.plist */ = {isa = PBXFileReference; lastKnownFileType = text.plist.xml; path = Info.plist; sourceTree = "<group>"; };
		35EA7CFE1C479CEA0091ED2D /* VA.h */ = {isa = PBXFileReference; fileEncoding = 4; lastKnownFileType = sourcecode.c.h; path = VA.h; sourceTree = "<group>"; };
		35EA7CFF1C479CEA0091ED2D /* VA.m */ = {isa = PBXFileReference; fileEncoding = 4; lastKnownFileType = sourcecode.c.objc; path = VA.m; sourceTree = "<group>"; };
		35EA7D011C479CF40091ED2D /* VB.h */ = {isa = PBXFileReference; fileEncoding = 4; lastKnownFileType = sourcecode.c.h; path = VB.h; sourceTree = "<group>"; };
		35EA7D021C479CF40091ED2D /* VB.m */ = {isa = PBXFileReference; fileEncoding = 4; lastKnownFileType = sourcecode.c.objc; path = VB.m; sourceTree = "<group>"; };
/* End PBXFileReference section */

/* Begin PBXFrameworksBuildPhase section */
		35EA7CC51C479C280091ED2D /* Frameworks */ = {
			isa = PBXFrameworksBuildPhase;
			buildActionMask = 2147483647;
			files = (
			);
			runOnlyForDeploymentPostprocessing = 0;
		};
		35EA7CDE1C479C290091ED2D /* Frameworks */ = {
			isa = PBXFrameworksBuildPhase;
			buildActionMask = 2147483647;
			files = (
			);
			runOnlyForDeploymentPostprocessing = 0;
		};
		35EA7CE91C479C290091ED2D /* Frameworks */ = {
			isa = PBXFrameworksBuildPhase;
			buildActionMask = 2147483647;
			files = (
			);
			runOnlyForDeploymentPostprocessing = 0;
		};
/* End PBXFrameworksBuildPhase section */

/* Begin PBXGroup section */
		35EA7CBF1C479C280091ED2D = {
			isa = PBXGroup;
			children = (
				35EA7CCA1C479C290091ED2D /* testSegue */,
				35EA7CE41C479C290091ED2D /* testSegueTests */,
				35EA7CEF1C479C290091ED2D /* testSegueUITests */,
				35EA7CC91C479C280091ED2D /* Products */,
			);
			sourceTree = "<group>";
		};
		35EA7CC91C479C280091ED2D /* Products */ = {
			isa = PBXGroup;
			children = (
				35EA7CC81C479C280091ED2D /* testSegue.app */,
				35EA7CE11C479C290091ED2D /* testSegueTests.xctest */,
				35EA7CEC1C479C290091ED2D /* testSegueUITests.xctest */,
			);
			name = Products;
			sourceTree = "<group>";
		};
		35EA7CCA1C479C290091ED2D /* testSegue */ = {
			isa = PBXGroup;
			children = (
				35EA7CCE1C479C290091ED2D /* AppDelegate.h */,
				35EA7CCF1C479C290091ED2D /* AppDelegate.m */,
				35EA7CD11C479C290091ED2D /* ViewController.h */,
				35EA7CD21C479C290091ED2D /* ViewController.m */,
				35EA7CD41C479C290091ED2D /* Main.storyboard */,
				35EA7CD71C479C290091ED2D /* Assets.xcassets */,
				35EA7CD91C479C290091ED2D /* LaunchScreen.storyboard */,
				35EA7CDC1C479C290091ED2D /* Info.plist */,
				35EA7CCB1C479C290091ED2D /* Supporting Files */,
				35EA7CFE1C479CEA0091ED2D /* VA.h */,
				35EA7CFF1C479CEA0091ED2D /* VA.m */,
				35EA7D011C479CF40091ED2D /* VB.h */,
				35EA7D021C479CF40091ED2D /* VB.m */,
			);
			path = testSegue;
			sourceTree = "<group>";
		};
		35EA7CCB1C479C290091ED2D /* Supporting Files */ = {
			isa = PBXGroup;
			children = (
				35EA7CCC1C479C290091ED2D /* main.m */,
			);
			name = "Supporting Files";
			sourceTree = "<group>";
		};
		35EA7CE41C479C290091ED2D /* testSegueTests */ = {
			isa = PBXGroup;
			children = (
				35EA7CE51C479C290091ED2D /* testSegueTests.m */,
				35EA7CE71C479C290091ED2D /* Info.plist */,
			);
			path = testSegueTests;
			sourceTree = "<group>";
		};
		35EA7CEF1C479C290091ED2D /* testSegueUITests */ = {
			isa = PBXGroup;
			children = (
				35EA7CF01C479C290091ED2D /* testSegueUITests.m */,
				35EA7CF21C479C290091ED2D /* Info.plist */,
			);
			path = testSegueUITests;
			sourceTree = "<group>";
		};
/* End PBXGroup section */

/* Begin PBXNativeTarget section */
		35EA7CC71C479C280091ED2D /* testSegue */ = {
			isa = PBXNativeTarget;
			buildConfigurationList = 35EA7CF51C479C290091ED2D /* Build configuration list for PBXNativeTarget "testSegue" */;
			buildPhases = (
				35EA7CC41C479C280091ED2D /* Sources */,
				35EA7CC51C479C280091ED2D /* Frameworks */,
				35EA7CC61C479C280091ED2D /* Resources */,
			);
			buildRules = (
			);
			dependencies = (
			);
			name = testSegue;
			productName = testSegue;
			productReference = 35EA7CC81C479C280091ED2D /* testSegue.app */;
			productType = "com.apple.product-type.application";
		};
		35EA7CE01C479C290091ED2D /* testSegueTests */ = {
			isa = PBXNativeTarget;
			buildConfigurationList = 35EA7CF81C479C290091ED2D /* Build configuration list for PBXNativeTarget "testSegueTests" */;
			buildPhases = (
				35EA7CDD1C479C290091ED2D /* Sources */,
				35EA7CDE1C479C290091ED2D /* Frameworks */,
				35EA7CDF1C479C290091ED2D /* Resources */,
			);
			buildRules = (
			);
			dependencies = (
				35EA7CE31C479C290091ED2D /* PBXTargetDependency */,
			);
			name = testSegueTests;
			productName = testSegueTests;
			productReference = 35EA7CE11C479C290091ED2D /* testSegueTests.xctest */;
			productType = "com.apple.product-type.bundle.unit-test";
		};
		35EA7CEB1C479C290091ED2D /* testSegueUITests */ = {
			isa = PBXNativeTarget;
			buildConfigurationList = 35EA7CFB1C479C290091ED2D /* Build configuration list for PBXNativeTarget "testSegueUITests" */;
			buildPhases = (
				35EA7CE81C479C290091ED2D /* Sources */,
				35EA7CE91C479C290091ED2D /* Frameworks */,
				35EA7CEA1C479C290091ED2D /* Resources */,
			);
			buildRules = (
			);
			dependencies = (
				35EA7CEE1C479C290091ED2D /* PBXTargetDependency */,
			);
			name = testSegueUITests;
			productName = testSegueUITests;
			productReference = 35EA7CEC1C479C290091ED2D /* testSegueUITests.xctest */;
			productType = "com.apple.product-type.bundle.ui-testing";
		};
/* End PBXNativeTarget section */

/* Begin PBXProject section */
		35EA7CC01C479C280091ED2D /* Project object */ = {
			isa = PBXProject;
			attributes = {
				LastUpgradeCheck = 0720;
				ORGANIZATIONNAME = "赵磊";
				TargetAttributes = {
					35EA7CC71C479C280091ED2D = {
						CreatedOnToolsVersion = 7.2;
					};
					35EA7CE01C479C290091ED2D = {
						CreatedOnToolsVersion = 7.2;
						TestTargetID = 35EA7CC71C479C280091ED2D;
					};
					35EA7CEB1C479C290091ED2D = {
						CreatedOnToolsVersion = 7.2;
						TestTargetID = 35EA7CC71C479C280091ED2D;
					};
				};
			};
			buildConfigurationList = 35EA7CC31C479C280091ED2D /* Build configuration list for PBXProject "testSegue" */;
			compatibilityVersion = "Xcode 3.2";
			developmentRegion = English;
			hasScannedForEncodings = 0;
			knownRegions = (
				en,
				Base,
			);
			mainGroup = 35EA7CBF1C479C280091ED2D;
			productRefGroup = 35EA7CC91C479C280091ED2D /* Products */;
			projectDirPath = "";
			projectRoot = "";
			targets = (
				35EA7CC71C479C280091ED2D /* testSegue */,
				35EA7CE01C479C290091ED2D /* testSegueTests */,
				35EA7CEB1C479C290091ED2D /* testSegueUITests */,
			);
		};
/* End PBXProject section */

/* Begin PBXResourcesBuildPhase section */
		35EA7CC61C479C280091ED2D /* Resources */ = {
			isa = PBXResourcesBuildPhase;
			buildActionMask = 2147483647;
			files = (
				35EA7CDB1C479C290091ED2D /* LaunchScreen.storyboard in Resources */,
				35EA7CD81C479C290091ED2D /* Assets.xcassets in Resources */,
				35EA7CD61C479C290091ED2D /* Main.storyboard in Resources */,
			);
			runOnlyForDeploymentPostprocessing = 0;
		};
		35EA7CDF1C479C290091ED2D /* Resources */ = {
			isa = PBXResourcesBuildPhase;
			buildActionMask = 2147483647;
			files = (
			);
			runOnlyForDeploymentPostprocessing = 0;
		};
		35EA7CEA1C479C290091ED2D /* Resources */ = {
			isa = PBXResourcesBuildPhase;
			buildActionMask = 2147483647;
			files = (
			);
			runOnlyForDeploymentPostprocessing = 0;
		};
/* End PBXResourcesBuildPhase section */

/* Begin PBXSourcesBuildPhase section */
		35EA7CC41C479C280091ED2D /* Sources */ = {
			isa = PBXSourcesBuildPhase;
			buildActionMask = 2147483647;
			files = (
				35EA7CD31C479C290091ED2D /* ViewController.m in Sources */,
				35EA7D031C479CF40091ED2D /* VB.m in Sources */,
				35EA7CD01C479C290091ED2D /* AppDelegate.m in Sources */,
				35EA7D001C479CEA0091ED2D /* VA.m in Sources */,
				35EA7CCD1C479C290091ED2D /* main.m in Sources */,
			);
			runOnlyForDeploymentPostprocessing = 0;
		};
		35EA7CDD1C479C290091ED2D /* Sources */ = {
			isa = PBXSourcesBuildPhase;
			buildActionMask = 2147483647;
			files = (
				35EA7CE61C479C290091ED2D /* testSegueTests.m in Sources */,
			);
			runOnlyForDeploymentPostprocessing = 0;
		};
		35EA7CE81C479C290091ED2D /* Sources */ = {
			isa = PBXSourcesBuildPhase;
			buildActionMask = 2147483647;
			files = (
				35EA7CF11C479C290091ED2D /* testSegueUITests.m in Sources */,
			);
			runOnlyForDeploymentPostprocessing = 0;
		};
/* End PBXSourcesBuildPhase section */

/* Begin PBXTargetDependency section */
		35EA7CE31C479C290091ED2D /* PBXTargetDependency */ = {
			isa = PBXTargetDependency;
			target = 35EA7CC71C479C280091ED2D /* testSegue */;
			targetProxy = 35EA7CE21C479C290091ED2D /* PBXContainerItemProxy */;
		};
		35EA7CEE1C479C290091ED2D /* PBXTargetDependency */ = {
			isa = PBXTargetDependency;
			target = 35EA7CC71C479C280091ED2D /* testSegue */;
			targetProxy = 35EA7CED1C479C290091ED2D /* PBXContainerItemProxy */;
		};
/* End PBXTargetDependency section */

/* Begin PBXVariantGroup section */
		35EA7CD41C479C290091ED2D /* Main.storyboard */ = {
			isa = PBXVariantGroup;
			children = (
				35EA7CD51C479C290091ED2D /* Base */,
			);
			name = Main.storyboard;
			sourceTree = "<group>";
		};
		35EA7CD91C479C290091ED2D /* LaunchScreen.storyboard */ = {
			isa = PBXVariantGroup;
			children = (
				35EA7CDA1C479C290091ED2D /* Base */,
			);
			name = LaunchScreen.storyboard;
			sourceTree = "<group>";
		};
/* End PBXVariantGroup section */

/* Begin XCBuildConfiguration section */
		35EA7CF31C479C290091ED2D /* Debug */ = {
			isa = XCBuildConfiguration;
			buildSettings = {
				ALWAYS_SEARCH_USER_PATHS = NO;
				CLANG_CXX_LANGUAGE_STANDARD = "gnu++0x";
				CLANG_CXX_LIBRARY = "libc++";
				CLANG_ENABLE_MODULES = YES;
				CLANG_ENABLE_OBJC_ARC = YES;
				CLANG_WARN_BOOL_CONVERSION = YES;
				CLANG_WARN_CONSTANT_CONVERSION = YES;
				CLANG_WARN_DIRECT_OBJC_ISA_USAGE = YES_ERROR;
				CLANG_WARN_EMPTY_BODY = YES;
				CLANG_WARN_ENUM_CONVERSION = YES;
				CLANG_WARN_INT_CONVERSION = YES;
				CLANG_WARN_OBJC_ROOT_CLASS = YES_ERROR;
				CLANG_WARN_UNREACHABLE_CODE = YES;
				CLANG_WARN__DUPLICATE_METHOD_MATCH = YES;
				"CODE_SIGN_IDENTITY[sdk=iphoneos*]" = "iPhone Developer";
				COPY_PHASE_STRIP = NO;
				DEBUG_INFORMATION_FORMAT = dwarf;
				ENABLE_STRICT_OBJC_MSGSEND = YES;
				ENABLE_TESTABILITY = YES;
				GCC_C_LANGUAGE_STANDARD = gnu99;
				GCC_DYNAMIC_NO_PIC = NO;
				GCC_NO_COMMON_BLOCKS = YES;
				GCC_OPTIMIZATION_LEVEL = 0;
				GCC_PREPROCESSOR_DEFINITIONS = (
					"DEBUG=1",
					"$(inherited)",
				);
				GCC_WARN_64_TO_32_BIT_CONVERSION = YES;
				GCC_WARN_ABOUT_RETURN_TYPE = YES_ERROR;
				GCC_WARN_UNDECLARED_SELECTOR = YES;
				GCC_WARN_UNINITIALIZED_AUTOS = YES_AGGRESSIVE;
				GCC_WARN_UNUSED_FUNCTION = YES;
				GCC_WARN_UNUSED_VARIABLE = YES;
				IPHONEOS_DEPLOYMENT_TARGET = 9.2;
				MTL_ENABLE_DEBUG_INFO = YES;
				ONLY_ACTIVE_ARCH = YES;
				SDKROOT = iphoneos;
			};
			name = Debug;
		};
		35EA7CF41C479C290091ED2D /* Release */ = {
			isa = XCBuildConfiguration;
			buildSettings = {
				ALWAYS_SEARCH_USER_PATHS = NO;
				CLANG_CXX_LANGUAGE_STANDARD = "gnu++0x";
				CLANG_CXX_LIBRARY = "libc++";
				CLANG_ENABLE_MODULES = YES;
				CLANG_ENABLE_OBJC_ARC = YES;
				CLANG_WARN_BOOL_CONVERSION = YES;
				CLANG_WARN_CONSTANT_CONVERSION = YES;
				CLANG_WARN_DIRECT_OBJC_ISA_USAGE = YES_ERROR;
				CLANG_WARN_EMPTY_BODY = YES;
				CLANG_WARN_ENUM_CONVERSION = YES;
				CLANG_WARN_INT_CONVERSION = YES;
				CLANG_WARN_OBJC_ROOT_CLASS = YES_ERROR;
				CLANG_WARN_UNREACHABLE_CODE = YES;
				CLANG_WARN__DUPLICATE_METHOD_MATCH = YES;
				"CODE_SIGN_IDENTITY[sdk=iphoneos*]" = "iPhone Developer";
				COPY_PHASE_STRIP = NO;
				DEBUG_INFORMATION_FORMAT = "dwarf-with-dsym";
				ENABLE_NS_ASSERTIONS = NO;
				ENABLE_STRICT_OBJC_MSGSEND = YES;
				GCC_C_LANGUAGE_STANDARD = gnu99;
				GCC_NO_COMMON_BLOCKS = YES;
				GCC_WARN_64_TO_32_BIT_CONVERSION = YES;
				GCC_WARN_ABOUT_RETURN_TYPE = YES_ERROR;
				GCC_WARN_UNDECLARED_SELECTOR = YES;
				GCC_WARN_UNINITIALIZED_AUTOS = YES_AGGRESSIVE;
				GCC_WARN_UNUSED_FUNCTION = YES;
				GCC_WARN_UNUSED_VARIABLE = YES;
				IPHONEOS_DEPLOYMENT_TARGET = 9.2;
				MTL_ENABLE_DEBUG_INFO = NO;
				SDKROOT = iphoneos;
				VALIDATE_PRODUCT = YES;
			};
			name = Release;
		};
		35EA7CF61C479C290091ED2D /* Debug */ = {
			isa = XCBuildConfiguration;
			buildSettings = {
				ASSETCATALOG_COMPILER_APPICON_NAME = AppIcon;
				INFOPLIST_FILE = testSegue/Info.plist;
				LD_RUNPATH_SEARCH_PATHS = "$(inherited) @executable_path/Frameworks";
				PRODUCT_BUNDLE_IDENTIFIER = zhaolei.testSegue;
				PRODUCT_NAME = "$(TARGET_NAME)";
			};
			name = Debug;
		};
		35EA7CF71C479C290091ED2D /* Release */ = {
			isa = XCBuildConfiguration;
			buildSettings = {
				ASSETCATALOG_COMPILER_APPICON_NAME = AppIcon;
				INFOPLIST_FILE = testSegue/Info.plist;
				LD_RUNPATH_SEARCH_PATHS = "$(inherited) @executable_path/Frameworks";
				PRODUCT_BUNDLE_IDENTIFIER = zhaolei.testSegue;
				PRODUCT_NAME = "$(TARGET_NAME)";
			};
			name = Release;
		};
		35EA7CF91C479C290091ED2D /* Debug */ = {
			isa = XCBuildConfiguration;
			buildSettings = {
				BUNDLE_LOADER = "$(TEST_HOST)";
				INFOPLIST_FILE = testSegueTests/Info.plist;
				LD_RUNPATH_SEARCH_PATHS = "$(inherited) @executable_path/Frameworks @loader_path/Frameworks";
				PRODUCT_BUNDLE_IDENTIFIER = zhaolei.testSegueTests;
				PRODUCT_NAME = "$(TARGET_NAME)";
				TEST_HOST = "$(BUILT_PRODUCTS_DIR)/testSegue.app/testSegue";
			};
			name = Debug;
		};
		35EA7CFA1C479C290091ED2D /* Release */ = {
			isa = XCBuildConfiguration;
			buildSettings = {
				BUNDLE_LOADER = "$(TEST_HOST)";
				INFOPLIST_FILE = testSegueTests/Info.plist;
				LD_RUNPATH_SEARCH_PATHS = "$(inherited) @executable_path/Frameworks @loader_path/Frameworks";
				PRODUCT_BUNDLE_IDENTIFIER = zhaolei.testSegueTests;
				PRODUCT_NAME = "$(TARGET_NAME)";
				TEST_HOST = "$(BUILT_PRODUCTS_DIR)/testSegue.app/testSegue";
			};
			name = Release;
		};
		35EA7CFC1C479C290091ED2D /* Debug */ = {
			isa = XCBuildConfiguration;
			buildSettings = {
				INFOPLIST_FILE = testSegueUITests/Info.plist;
				LD_RUNPATH_SEARCH_PATHS = "$(inherited) @executable_path/Frameworks @loader_path/Frameworks";
				PRODUCT_BUNDLE_IDENTIFIER = zhaolei.testSegueUITests;
				PRODUCT_NAME = "$(TARGET_NAME)";
				TEST_TARGET_NAME = testSegue;
				USES_XCTRUNNER = YES;
			};
			name = Debug;
		};
		35EA7CFD1C479C290091ED2D /* Release */ = {
			isa = XCBuildConfiguration;
			buildSettings = {
				INFOPLIST_FILE = testSegueUITests/Info.plist;
				LD_RUNPATH_SEARCH_PATHS = "$(inherited) @executable_path/Frameworks @loader_path/Frameworks";
				PRODUCT_BUNDLE_IDENTIFIER = zhaolei.testSegueUITests;
				PRODUCT_NAME = "$(TARGET_NAME)";
				TEST_TARGET_NAME = testSegue;
				USES_XCTRUNNER = YES;
			};
			name = Release;
		};
/* End XCBuildConfiguration section */

/* Begin XCConfigurationList section */
		35EA7CC31C479C280091ED2D /* Build configuration list for PBXProject "testSegue" */ = {
			isa = XCConfigurationList;
			buildConfigurations = (
				35EA7CF31C479C290091ED2D /* Debug */,
				35EA7CF41C479C290091ED2D /* Release */,
			);
			defaultConfigurationIsVisible = 0;
			defaultConfigurationName = Release;
		};
		35EA7CF51C479C290091ED2D /* Build configuration list for PBXNativeTarget "testSegue" */ = {
			isa = XCConfigurationList;
			buildConfigurations = (
				35EA7CF61C479C290091ED2D /* Debug */,
				35EA7CF71C479C290091ED2D /* Release */,
			);
			defaultConfigurationIsVisible = 0;
		};
		35EA7CF81C479C290091ED2D /* Build configuration list for PBXNativeTarget "testSegueTests" */ = {
			isa = XCConfigurationList;
			buildConfigurations = (
				35EA7CF91C479C290091ED2D /* Debug */,
				35EA7CFA1C479C290091ED2D /* Release */,
			);
			defaultConfigurationIsVisible = 0;
		};
		35EA7CFB1C479C290091ED2D /* Build configuration list for PBXNativeTarget "testSegueUITests" */ = {
			isa = XCConfigurationList;
			buildConfigurations = (
				35EA7CFC1C479C290091ED2D /* Debug */,
				35EA7CFD1C479C290091ED2D /* Release */,
			);
			defaultConfigurationIsVisible = 0;
		};
/* End XCConfigurationList section */
	};
	rootObject = 35EA7CC01C479C280091ED2D /* Project object */;
}
