// !$*UTF8*$!
{
	archiveVersion = 1;
	classes = {
	};
	objectVersion = 46;
	objects = {

/* Begin PBXBuildFile section */
		3555AF461C24332100A0BC37 /* main.m in Sources */ = {isa = PBXBuildFile; fileRef = 3555AF451C24332100A0BC37 /* main.m */; };
		3555AF491C24332100A0BC37 /* AppDelegate.m in Sources */ = {isa = PBXBuildFile; fileRef = 3555AF481C24332100A0BC37 /* AppDelegate.m */; };
		3555AF4C1C24332100A0BC37 /* ViewController.m in Sources */ = {isa = PBXBuildFile; fileRef = 3555AF4B1C24332100A0BC37 /* ViewController.m */; };
		3555AF4F1C24332100A0BC37 /* Main.storyboard in Resources */ = {isa = PBXBuildFile; fileRef = 3555AF4D1C24332100A0BC37 /* Main.storyboard */; };
		3555AF511C24332100A0BC37 /* Assets.xcassets in Resources */ = {isa = PBXBuildFile; fileRef = 3555AF501C24332100A0BC37 /* Assets.xcassets */; };
		3555AF541C24332100A0BC37 /* LaunchScreen.storyboard in Resources */ = {isa = PBXBuildFile; fileRef = 3555AF521C24332100A0BC37 /* LaunchScreen.storyboard */; };
		3555AF5F1C24332100A0BC37 /* testXcodePluginsTests.m in Sources */ = {isa = PBXBuildFile; fileRef = 3555AF5E1C24332100A0BC37 /* testXcodePluginsTests.m */; };
		3555AF6A1C24332100A0BC37 /* testXcodePluginsUITests.m in Sources */ = {isa = PBXBuildFile; fileRef = 3555AF691C24332100A0BC37 /* testXcodePluginsUITests.m */; };
/* End PBXBuildFile section */

/* Begin PBXContainerItemProxy section */
		3555AF5B1C24332100A0BC37 /* PBXContainerItemProxy */ = {
			isa = PBXContainerItemProxy;
			containerPortal = 3555AF391C24332000A0BC37 /* Project object */;
			proxyType = 1;
			remoteGlobalIDString = 3555AF401C24332000A0BC37;
			remoteInfo = testXcodePlugins;
		};
		3555AF661C24332100A0BC37 /* PBXContainerItemProxy */ = {
			isa = PBXContainerItemProxy;
			containerPortal = 3555AF391C24332000A0BC37 /* Project object */;
			proxyType = 1;
			remoteGlobalIDString = 3555AF401C24332000A0BC37;
			remoteInfo = testXcodePlugins;
		};
/* End PBXContainerItemProxy section */

/* Begin PBXFileReference section */
		3555AF411C24332000A0BC37 /* testXcodePlugins.app */ = {isa = PBXFileReference; explicitFileType = wrapper.application; includeInIndex = 0; path = testXcodePlugins.app; sourceTree = BUILT_PRODUCTS_DIR; };
		3555AF451C24332100A0BC37 /* main.m */ = {isa = PBXFileReference; lastKnownFileType = sourcecode.c.objc; path = main.m; sourceTree = "<group>"; };
		3555AF471C24332100A0BC37 /* AppDelegate.h */ = {isa = PBXFileReference; lastKnownFileType = sourcecode.c.h; path = AppDelegate.h; sourceTree = "<group>"; };
		3555AF481C24332100A0BC37 /* AppDelegate.m */ = {isa = PBXFileReference; lastKnownFileType = sourcecode.c.objc; path = AppDelegate.m; sourceTree = "<group>"; };
		3555AF4A1C24332100A0BC37 /* ViewController.h */ = {isa = PBXFileReference; lastKnownFileType = sourcecode.c.h; path = ViewController.h; sourceTree = "<group>"; };
		3555AF4B1C24332100A0BC37 /* ViewController.m */ = {isa = PBXFileReference; lastKnownFileType = sourcecode.c.objc; path = ViewController.m; sourceTree = "<group>"; };
		3555AF4E1C24332100A0BC37 /* Base */ = {isa = PBXFileReference; lastKnownFileType = file.storyboard; name = Base; path = Base.lproj/Main.storyboard; sourceTree = "<group>"; };
		3555AF501C24332100A0BC37 /* Assets.xcassets */ = {isa = PBXFileReference; lastKnownFileType = folder.assetcatalog; path = Assets.xcassets; sourceTree = "<group>"; };
		3555AF531C24332100A0BC37 /* Base */ = {isa = PBXFileReference; lastKnownFileType = file.storyboard; name = Base; path = Base.lproj/LaunchScreen.storyboard; sourceTree = "<group>"; };
		3555AF551C24332100A0BC37 /* Info.plist */ = {isa = PBXFileReference; lastKnownFileType = text.plist.xml; path = Info.plist; sourceTree = "<group>"; };
		3555AF5A1C24332100A0BC37 /* testXcodePluginsTests.xctest */ = {isa = PBXFileReference; explicitFileType = wrapper.cfbundle; includeInIndex = 0; path = testXcodePluginsTests.xctest; sourceTree = BUILT_PRODUCTS_DIR; };
		3555AF5E1C24332100A0BC37 /* testXcodePluginsTests.m */ = {isa = PBXFileReference; lastKnownFileType = sourcecode.c.objc; path = testXcodePluginsTests.m; sourceTree = "<group>"; };
		3555AF601C24332100A0BC37 /* Info.plist */ = {isa = PBXFileReference; lastKnownFileType = text.plist.xml; path = Info.plist; sourceTree = "<group>"; };
		3555AF651C24332100A0BC37 /* testXcodePluginsUITests.xctest */ = {isa = PBXFileReference; explicitFileType = wrapper.cfbundle; includeInIndex = 0; path = testXcodePluginsUITests.xctest; sourceTree = BUILT_PRODUCTS_DIR; };
		3555AF691C24332100A0BC37 /* testXcodePluginsUITests.m */ = {isa = PBXFileReference; lastKnownFileType = sourcecode.c.objc; path = testXcodePluginsUITests.m; sourceTree = "<group>"; };
		3555AF6B1C24332100A0BC37 /* Info.plist */ = {isa = PBXFileReference; lastKnownFileType = text.plist.xml; path = Info.plist; sourceTree = "<group>"; };
/* End PBXFileReference section */

/* Begin PBXFrameworksBuildPhase section */
		3555AF3E1C24332000A0BC37 /* Frameworks */ = {
			isa = PBXFrameworksBuildPhase;
			buildActionMask = 2147483647;
			files = (
			);
			runOnlyForDeploymentPostprocessing = 0;
		};
		3555AF571C24332100A0BC37 /* Frameworks */ = {
			isa = PBXFrameworksBuildPhase;
			buildActionMask = 2147483647;
			files = (
			);
			runOnlyForDeploymentPostprocessing = 0;
		};
		3555AF621C24332100A0BC37 /* Frameworks */ = {
			isa = PBXFrameworksBuildPhase;
			buildActionMask = 2147483647;
			files = (
			);
			runOnlyForDeploymentPostprocessing = 0;
		};
/* End PBXFrameworksBuildPhase section */

/* Begin PBXGroup section */
		3555AF381C24332000A0BC37 = {
			isa = PBXGroup;
			children = (
				3555AF431C24332000A0BC37 /* testXcodePlugins */,
				3555AF5D1C24332100A0BC37 /* testXcodePluginsTests */,
				3555AF681C24332100A0BC37 /* testXcodePluginsUITests */,
				3555AF421C24332000A0BC37 /* Products */,
			);
			sourceTree = "<group>";
		};
		3555AF421C24332000A0BC37 /* Products */ = {
			isa = PBXGroup;
			children = (
				3555AF411C24332000A0BC37 /* testXcodePlugins.app */,
				3555AF5A1C24332100A0BC37 /* testXcodePluginsTests.xctest */,
				3555AF651C24332100A0BC37 /* testXcodePluginsUITests.xctest */,
			);
			name = Products;
			sourceTree = "<group>";
		};
		3555AF431C24332000A0BC37 /* testXcodePlugins */ = {
			isa = PBXGroup;
			children = (
				3555AF471C24332100A0BC37 /* AppDelegate.h */,
				3555AF481C24332100A0BC37 /* AppDelegate.m */,
				3555AF4A1C24332100A0BC37 /* ViewController.h */,
				3555AF4B1C24332100A0BC37 /* ViewController.m */,
				3555AF4D1C24332100A0BC37 /* Main.storyboard */,
				3555AF501C24332100A0BC37 /* Assets.xcassets */,
				3555AF521C24332100A0BC37 /* LaunchScreen.storyboard */,
				3555AF551C24332100A0BC37 /* Info.plist */,
				3555AF441C24332100A0BC37 /* Supporting Files */,
			);
			path = testXcodePlugins;
			sourceTree = "<group>";
		};
		3555AF441C24332100A0BC37 /* Supporting Files */ = {
			isa = PBXGroup;
			children = (
				3555AF451C24332100A0BC37 /* main.m */,
			);
			name = "Supporting Files";
			sourceTree = "<group>";
		};
		3555AF5D1C24332100A0BC37 /* testXcodePluginsTests */ = {
			isa = PBXGroup;
			children = (
				3555AF5E1C24332100A0BC37 /* testXcodePluginsTests.m */,
				3555AF601C24332100A0BC37 /* Info.plist */,
			);
			path = testXcodePluginsTests;
			sourceTree = "<group>";
		};
		3555AF681C24332100A0BC37 /* testXcodePluginsUITests */ = {
			isa = PBXGroup;
			children = (
				3555AF691C24332100A0BC37 /* testXcodePluginsUITests.m */,
				3555AF6B1C24332100A0BC37 /* Info.plist */,
			);
			path = testXcodePluginsUITests;
			sourceTree = "<group>";
		};
/* End PBXGroup section */

/* Begin PBXNativeTarget section */
		3555AF401C24332000A0BC37 /* testXcodePlugins */ = {
			isa = PBXNativeTarget;
			buildConfigurationList = 3555AF6E1C24332100A0BC37 /* Build configuration list for PBXNativeTarget "testXcodePlugins" */;
			buildPhases = (
				3555AF3D1C24332000A0BC37 /* Sources */,
				3555AF3E1C24332000A0BC37 /* Frameworks */,
				3555AF3F1C24332000A0BC37 /* Resources */,
			);
			buildRules = (
			);
			dependencies = (
			);
			name = testXcodePlugins;
			productName = testXcodePlugins;
			productReference = 3555AF411C24332000A0BC37 /* testXcodePlugins.app */;
			productType = "com.apple.product-type.application";
		};
		3555AF591C24332100A0BC37 /* testXcodePluginsTests */ = {
			isa = PBXNativeTarget;
			buildConfigurationList = 3555AF711C24332100A0BC37 /* Build configuration list for PBXNativeTarget "testXcodePluginsTests" */;
			buildPhases = (
				3555AF561C24332100A0BC37 /* Sources */,
				3555AF571C24332100A0BC37 /* Frameworks */,
				3555AF581C24332100A0BC37 /* Resources */,
			);
			buildRules = (
			);
			dependencies = (
				3555AF5C1C24332100A0BC37 /* PBXTargetDependency */,
			);
			name = testXcodePluginsTests;
			productName = testXcodePluginsTests;
			productReference = 3555AF5A1C24332100A0BC37 /* testXcodePluginsTests.xctest */;
			productType = "com.apple.product-type.bundle.unit-test";
		};
		3555AF641C24332100A0BC37 /* testXcodePluginsUITests */ = {
			isa = PBXNativeTarget;
			buildConfigurationList = 3555AF741C24332100A0BC37 /* Build configuration list for PBXNativeTarget "testXcodePluginsUITests" */;
			buildPhases = (
				3555AF611C24332100A0BC37 /* Sources */,
				3555AF621C24332100A0BC37 /* Frameworks */,
				3555AF631C24332100A0BC37 /* Resources */,
			);
			buildRules = (
			);
			dependencies = (
				3555AF671C24332100A0BC37 /* PBXTargetDependency */,
			);
			name = testXcodePluginsUITests;
			productName = testXcodePluginsUITests;
			productReference = 3555AF651C24332100A0BC37 /* testXcodePluginsUITests.xctest */;
			productType = "com.apple.product-type.bundle.ui-testing";
		};
/* End PBXNativeTarget section */

/* Begin PBXProject section */
		3555AF391C24332000A0BC37 /* Project object */ = {
			isa = PBXProject;
			attributes = {
				LastUpgradeCheck = 0720;
				ORGANIZATIONNAME = "赵磊";
				TargetAttributes = {
					3555AF401C24332000A0BC37 = {
						CreatedOnToolsVersion = 7.2;
					};
					3555AF591C24332100A0BC37 = {
						CreatedOnToolsVersion = 7.2;
						TestTargetID = 3555AF401C24332000A0BC37;
					};
					3555AF641C24332100A0BC37 = {
						CreatedOnToolsVersion = 7.2;
						TestTargetID = 3555AF401C24332000A0BC37;
					};
				};
			};
			buildConfigurationList = 3555AF3C1C24332000A0BC37 /* Build configuration list for PBXProject "testXcodePlugins" */;
			compatibilityVersion = "Xcode 3.2";
			developmentRegion = English;
			hasScannedForEncodings = 0;
			knownRegions = (
				en,
				Base,
			);
			mainGroup = 3555AF381C24332000A0BC37;
			productRefGroup = 3555AF421C24332000A0BC37 /* Products */;
			projectDirPath = "";
			projectRoot = "";
			targets = (
				3555AF401C24332000A0BC37 /* testXcodePlugins */,
				3555AF591C24332100A0BC37 /* testXcodePluginsTests */,
				3555AF641C24332100A0BC37 /* testXcodePluginsUITests */,
			);
		};
/* End PBXProject section */

/* Begin PBXResourcesBuildPhase section */
		3555AF3F1C24332000A0BC37 /* Resources */ = {
			isa = PBXResourcesBuildPhase;
			buildActionMask = 2147483647;
			files = (
				3555AF541C24332100A0BC37 /* LaunchScreen.storyboard in Resources */,
				3555AF511C24332100A0BC37 /* Assets.xcassets in Resources */,
				3555AF4F1C24332100A0BC37 /* Main.storyboard in Resources */,
			);
			runOnlyForDeploymentPostprocessing = 0;
		};
		3555AF581C24332100A0BC37 /* Resources */ = {
			isa = PBXResourcesBuildPhase;
			buildActionMask = 2147483647;
			files = (
			);
			runOnlyForDeploymentPostprocessing = 0;
		};
		3555AF631C24332100A0BC37 /* Resources */ = {
			isa = PBXResourcesBuildPhase;
			buildActionMask = 2147483647;
			files = (
			);
			runOnlyForDeploymentPostprocessing = 0;
		};
/* End PBXResourcesBuildPhase section */

/* Begin PBXSourcesBuildPhase section */
		3555AF3D1C24332000A0BC37 /* Sources */ = {
			isa = PBXSourcesBuildPhase;
			buildActionMask = 2147483647;
			files = (
				3555AF4C1C24332100A0BC37 /* ViewController.m in Sources */,
				3555AF491C24332100A0BC37 /* AppDelegate.m in Sources */,
				3555AF461C24332100A0BC37 /* main.m in Sources */,
			);
			runOnlyForDeploymentPostprocessing = 0;
		};
		3555AF561C24332100A0BC37 /* Sources */ = {
			isa = PBXSourcesBuildPhase;
			buildActionMask = 2147483647;
			files = (
				3555AF5F1C24332100A0BC37 /* testXcodePluginsTests.m in Sources */,
			);
			runOnlyForDeploymentPostprocessing = 0;
		};
		3555AF611C24332100A0BC37 /* Sources */ = {
			isa = PBXSourcesBuildPhase;
			buildActionMask = 2147483647;
			files = (
				3555AF6A1C24332100A0BC37 /* testXcodePluginsUITests.m in Sources */,
			);
			runOnlyForDeploymentPostprocessing = 0;
		};
/* End PBXSourcesBuildPhase section */

/* Begin PBXTargetDependency section */
		3555AF5C1C24332100A0BC37 /* PBXTargetDependency */ = {
			isa = PBXTargetDependency;
			target = 3555AF401C24332000A0BC37 /* testXcodePlugins */;
			targetProxy = 3555AF5B1C24332100A0BC37 /* PBXContainerItemProxy */;
		};
		3555AF671C24332100A0BC37 /* PBXTargetDependency */ = {
			isa = PBXTargetDependency;
			target = 3555AF401C24332000A0BC37 /* testXcodePlugins */;
			targetProxy = 3555AF661C24332100A0BC37 /* PBXContainerItemProxy */;
		};
/* End PBXTargetDependency section */

/* Begin PBXVariantGroup section */
		3555AF4D1C24332100A0BC37 /* Main.storyboard */ = {
			isa = PBXVariantGroup;
			children = (
				3555AF4E1C24332100A0BC37 /* Base */,
			);
			name = Main.storyboard;
			sourceTree = "<group>";
		};
		3555AF521C24332100A0BC37 /* LaunchScreen.storyboard */ = {
			isa = PBXVariantGroup;
			children = (
				3555AF531C24332100A0BC37 /* Base */,
			);
			name = LaunchScreen.storyboard;
			sourceTree = "<group>";
		};
/* End PBXVariantGroup section */

/* Begin XCBuildConfiguration section */
		3555AF6C1C24332100A0BC37 /* Debug */ = {
			isa = XCBuildConfiguration;
			buildSettings = {
				ALWAYS_SEARCH_USER_PATHS = NO;
				CLANG_CXX_LANGUAGE_STANDARD = "gnu++0x";
				CLANG_CXX_LIBRARY = "libc++";
				CLANG_ENABLE_MODULES = YES;
				CLANG_ENABLE_OBJC_ARC = YES;
				CLANG_WARN_BOOL_CONVERSION = YES;
				CLANG_WARN_CONSTANT_CONVERSION = YES;
				CLANG_WARN_DIRECT_OBJC_ISA_USAGE = YES_ERROR;
				CLANG_WARN_EMPTY_BODY = YES;
				CLANG_WARN_ENUM_CONVERSION = YES;
				CLANG_WARN_INT_CONVERSION = YES;
				CLANG_WARN_OBJC_ROOT_CLASS = YES_ERROR;
				CLANG_WARN_UNREACHABLE_CODE = YES;
				CLANG_WARN__DUPLICATE_METHOD_MATCH = YES;
				"CODE_SIGN_IDENTITY[sdk=iphoneos*]" = "iPhone Developer";
				COPY_PHASE_STRIP = NO;
				DEBUG_INFORMATION_FORMAT = dwarf;
				ENABLE_STRICT_OBJC_MSGSEND = YES;
				ENABLE_TESTABILITY = YES;
				GCC_C_LANGUAGE_STANDARD = gnu99;
				GCC_DYNAMIC_NO_PIC = NO;
				GCC_NO_COMMON_BLOCKS = YES;
				GCC_OPTIMIZATION_LEVEL = 0;
				GCC_PREPROCESSOR_DEFINITIONS = (
					"DEBUG=1",
					"$(inherited)",
				);
				GCC_WARN_64_TO_32_BIT_CONVERSION = YES;
				GCC_WARN_ABOUT_RETURN_TYPE = YES_ERROR;
				GCC_WARN_UNDECLARED_SELECTOR = YES;
				GCC_WARN_UNINITIALIZED_AUTOS = YES_AGGRESSIVE;
				GCC_WARN_UNUSED_FUNCTION = YES;
				GCC_WARN_UNUSED_VARIABLE = YES;
				IPHONEOS_DEPLOYMENT_TARGET = 9.2;
				MTL_ENABLE_DEBUG_INFO = YES;
				ONLY_ACTIVE_ARCH = YES;
				SDKROOT = iphoneos;
			};
			name = Debug;
		};
		3555AF6D1C24332100A0BC37 /* Release */ = {
			isa = XCBuildConfiguration;
			buildSettings = {
				ALWAYS_SEARCH_USER_PATHS = NO;
				CLANG_CXX_LANGUAGE_STANDARD = "gnu++0x";
				CLANG_CXX_LIBRARY = "libc++";
				CLANG_ENABLE_MODULES = YES;
				CLANG_ENABLE_OBJC_ARC = YES;
				CLANG_WARN_BOOL_CONVERSION = YES;
				CLANG_WARN_CONSTANT_CONVERSION = YES;
				CLANG_WARN_DIRECT_OBJC_ISA_USAGE = YES_ERROR;
				CLANG_WARN_EMPTY_BODY = YES;
				CLANG_WARN_ENUM_CONVERSION = YES;
				CLANG_WARN_INT_CONVERSION = YES;
				CLANG_WARN_OBJC_ROOT_CLASS = YES_ERROR;
				CLANG_WARN_UNREACHABLE_CODE = YES;
				CLANG_WARN__DUPLICATE_METHOD_MATCH = YES;
				"CODE_SIGN_IDENTITY[sdk=iphoneos*]" = "iPhone Developer";
				COPY_PHASE_STRIP = NO;
				DEBUG_INFORMATION_FORMAT = "dwarf-with-dsym";
				ENABLE_NS_ASSERTIONS = NO;
				ENABLE_STRICT_OBJC_MSGSEND = YES;
				GCC_C_LANGUAGE_STANDARD = gnu99;
				GCC_NO_COMMON_BLOCKS = YES;
				GCC_WARN_64_TO_32_BIT_CONVERSION = YES;
				GCC_WARN_ABOUT_RETURN_TYPE = YES_ERROR;
				GCC_WARN_UNDECLARED_SELECTOR = YES;
				GCC_WARN_UNINITIALIZED_AUTOS = YES_AGGRESSIVE;
				GCC_WARN_UNUSED_FUNCTION = YES;
				GCC_WARN_UNUSED_VARIABLE = YES;
				IPHONEOS_DEPLOYMENT_TARGET = 9.2;
				MTL_ENABLE_DEBUG_INFO = NO;
				SDKROOT = iphoneos;
				VALIDATE_PRODUCT = YES;
			};
			name = Release;
		};
		3555AF6F1C24332100A0BC37 /* Debug */ = {
			isa = XCBuildConfiguration;
			buildSettings = {
				ASSETCATALOG_COMPILER_APPICON_NAME = AppIcon;
				INFOPLIST_FILE = testXcodePlugins/Info.plist;
				LD_RUNPATH_SEARCH_PATHS = "$(inherited) @executable_path/Frameworks";
				PRODUCT_BUNDLE_IDENTIFIER = zhaolei.testXcodePlugins;
				PRODUCT_NAME = "$(TARGET_NAME)";
			};
			name = Debug;
		};
		3555AF701C24332100A0BC37 /* Release */ = {
			isa = XCBuildConfiguration;
			buildSettings = {
				ASSETCATALOG_COMPILER_APPICON_NAME = AppIcon;
				INFOPLIST_FILE = testXcodePlugins/Info.plist;
				LD_RUNPATH_SEARCH_PATHS = "$(inherited) @executable_path/Frameworks";
				PRODUCT_BUNDLE_IDENTIFIER = zhaolei.testXcodePlugins;
				PRODUCT_NAME = "$(TARGET_NAME)";
			};
			name = Release;
		};
		3555AF721C24332100A0BC37 /* Debug */ = {
			isa = XCBuildConfiguration;
			buildSettings = {
				BUNDLE_LOADER = "$(TEST_HOST)";
				INFOPLIST_FILE = testXcodePluginsTests/Info.plist;
				LD_RUNPATH_SEARCH_PATHS = "$(inherited) @executable_path/Frameworks @loader_path/Frameworks";
				PRODUCT_BUNDLE_IDENTIFIER = zhaolei.testXcodePluginsTests;
				PRODUCT_NAME = "$(TARGET_NAME)";
				TEST_HOST = "$(BUILT_PRODUCTS_DIR)/testXcodePlugins.app/testXcodePlugins";
			};
			name = Debug;
		};
		3555AF731C24332100A0BC37 /* Release */ = {
			isa = XCBuildConfiguration;
			buildSettings = {
				BUNDLE_LOADER = "$(TEST_HOST)";
				INFOPLIST_FILE = testXcodePluginsTests/Info.plist;
				LD_RUNPATH_SEARCH_PATHS = "$(inherited) @executable_path/Frameworks @loader_path/Frameworks";
				PRODUCT_BUNDLE_IDENTIFIER = zhaolei.testXcodePluginsTests;
				PRODUCT_NAME = "$(TARGET_NAME)";
				TEST_HOST = "$(BUILT_PRODUCTS_DIR)/testXcodePlugins.app/testXcodePlugins";
			};
			name = Release;
		};
		3555AF751C24332100A0BC37 /* Debug */ = {
			isa = XCBuildConfiguration;
			buildSettings = {
				INFOPLIST_FILE = testXcodePluginsUITests/Info.plist;
				LD_RUNPATH_SEARCH_PATHS = "$(inherited) @executable_path/Frameworks @loader_path/Frameworks";
				PRODUCT_BUNDLE_IDENTIFIER = zhaolei.testXcodePluginsUITests;
				PRODUCT_NAME = "$(TARGET_NAME)";
				TEST_TARGET_NAME = testXcodePlugins;
				USES_XCTRUNNER = YES;
			};
			name = Debug;
		};
		3555AF761C24332100A0BC37 /* Release */ = {
			isa = XCBuildConfiguration;
			buildSettings = {
				INFOPLIST_FILE = testXcodePluginsUITests/Info.plist;
				LD_RUNPATH_SEARCH_PATHS = "$(inherited) @executable_path/Frameworks @loader_path/Frameworks";
				PRODUCT_BUNDLE_IDENTIFIER = zhaolei.testXcodePluginsUITests;
				PRODUCT_NAME = "$(TARGET_NAME)";
				TEST_TARGET_NAME = testXcodePlugins;
				USES_XCTRUNNER = YES;
			};
			name = Release;
		};
/* End XCBuildConfiguration section */

/* Begin XCConfigurationList section */
		3555AF3C1C24332000A0BC37 /* Build configuration list for PBXProject "testXcodePlugins" */ = {
			isa = XCConfigurationList;
			buildConfigurations = (
				3555AF6C1C24332100A0BC37 /* Debug */,
				3555AF6D1C24332100A0BC37 /* Release */,
			);
			defaultConfigurationIsVisible = 0;
			defaultConfigurationName = Release;
		};
		3555AF6E1C24332100A0BC37 /* Build configuration list for PBXNativeTarget "testXcodePlugins" */ = {
			isa = XCConfigurationList;
			buildConfigurations = (
				3555AF6F1C24332100A0BC37 /* Debug */,
				3555AF701C24332100A0BC37 /* Release */,
			);
			defaultConfigurationIsVisible = 0;
		};
		3555AF711C24332100A0BC37 /* Build configuration list for PBXNativeTarget "testXcodePluginsTests" */ = {
			isa = XCConfigurationList;
			buildConfigurations = (
				3555AF721C24332100A0BC37 /* Debug */,
				3555AF731C24332100A0BC37 /* Release */,
			);
			defaultConfigurationIsVisible = 0;
		};
		3555AF741C24332100A0BC37 /* Build configuration list for PBXNativeTarget "testXcodePluginsUITests" */ = {
			isa = XCConfigurationList;
			buildConfigurations = (
				3555AF751C24332100A0BC37 /* Debug */,
				3555AF761C24332100A0BC37 /* Release */,
			);
			defaultConfigurationIsVisible = 0;
		};
/* End XCConfigurationList section */
	};
	rootObject = 3555AF391C24332000A0BC37 /* Project object */;
}
